
Microsoft Visual Studio Solution File, Format Version 12.00
# Visual Studio Version 16
VisualStudioVersion = 16.0.29613.14
MinimumVisualStudioVersion = 10.0.40219.1
Project("{9A19103F-16F7-4668-BE54-9A1E7A4F7556}") = "ControlPanel", "ControlPanel\ControlPanel.csproj", "{7CC5B042-980C-410A-AD0B-EECBE43DF530}"
EndProject
Project("{9A19103F-16F7-4668-BE54-9A1E7A4F7556}") = "ApiGateway", "ApiGateway\ApiGateway.csproj", "{12990084-2E63-4D52-8FEA-00F83DF82D95}"
EndProject
Project("{9A19103F-16F7-4668-BE54-9A1E7A4F7556}") = "Identity", "Identity\Identity.csproj", "{C4B10CC0-67B2-46FB-86E2-633AEF5824F3}"
EndProject
Project("{9A19103F-16F7-4668-BE54-9A1E7A4F7556}") = "HRIS", "HRIS\HRIS.csproj", "{3756EC69-E9F5-497A-954F-7FE71835D12B}"
EndProject
Project("{9A19103F-16F7-4668-BE54-9A1E7A4F7556}") = "SAD", "SAD\SAD.csproj", "{C941DB78-AC4F-4E40-9378-998A3110A975}"
EndProject
Project("{9A19103F-16F7-4668-BE54-9A1E7A4F7556}") = "FinanceAndControl", "FinanceAndControl\FinanceAndControl.csproj", "{F6373B6E-BB00-49E8-AA17-85331A626416}"
EndProject
Project("{9A19103F-16F7-4668-BE54-9A1E7A4F7556}") = "SCM", "SCM\SCM.csproj", "{2CC4888C-C8AC-4CDE-BD17-B4823E9F0779}"
EndProject
Project("{9A19103F-16F7-4668-BE54-9A1E7A4F7556}") = "VehicleManagement", "VehicleManagement\VehicleManagement.csproj", "{BDB3E828-9977-4CC6-9567-009E639A82B3}"
EndProject
Project("{FAE04EC0-301F-11D3-BF4B-00C04F79EFBC}") = "PricingModule", "PricingModule\PricingModule.csproj", "{5F14301D-FDB3-4653-8027-B1D432570224}"
EndProject
Global
	GlobalSection(SolutionConfigurationPlatforms) = preSolution
		Debug|Any CPU = Debug|Any CPU
		Release|Any CPU = Release|Any CPU
	EndGlobalSection
	GlobalSection(ProjectConfigurationPlatforms) = postSolution
		{7CC5B042-980C-410A-AD0B-EECBE43DF530}.Debug|Any CPU.ActiveCfg = Debug|Any CPU
		{7CC5B042-980C-410A-AD0B-EECBE43DF530}.Debug|Any CPU.Build.0 = Debug|Any CPU
		{7CC5B042-980C-410A-AD0B-EECBE43DF530}.Release|Any CPU.ActiveCfg = Release|Any CPU
		{7CC5B042-980C-410A-AD0B-EECBE43DF530}.Release|Any CPU.Build.0 = Release|Any CPU
		{12990084-2E63-4D52-8FEA-00F83DF82D95}.Debug|Any CPU.ActiveCfg = Debug|Any CPU
		{12990084-2E63-4D52-8FEA-00F83DF82D95}.Debug|Any CPU.Build.0 = Debug|Any CPU
		{12990084-2E63-4D52-8FEA-00F83DF82D95}.Release|Any CPU.ActiveCfg = Release|Any CPU
		{12990084-2E63-4D52-8FEA-00F83DF82D95}.Release|Any CPU.Build.0 = Release|Any CPU
		{C4B10CC0-67B2-46FB-86E2-633AEF5824F3}.Debug|Any CPU.ActiveCfg = Debug|Any CPU
		{C4B10CC0-67B2-46FB-86E2-633AEF5824F3}.Debug|Any CPU.Build.0 = Debug|Any CPU
		{C4B10CC0-67B2-46FB-86E2-633AEF5824F3}.Release|Any CPU.ActiveCfg = Release|Any CPU
		{C4B10CC0-67B2-46FB-86E2-633AEF5824F3}.Release|Any CPU.Build.0 = Release|Any CPU
		{3756EC69-E9F5-497A-954F-7FE71835D12B}.Debug|Any CPU.ActiveCfg = Debug|Any CPU
		{3756EC69-E9F5-497A-954F-7FE71835D12B}.Debug|Any CPU.Build.0 = Debug|Any CPU
		{3756EC69-E9F5-497A-954F-7FE71835D12B}.Release|Any CPU.ActiveCfg = Release|Any CPU
		{3756EC69-E9F5-497A-954F-7FE71835D12B}.Release|Any CPU.Build.0 = Release|Any CPU
		{C941DB78-AC4F-4E40-9378-998A3110A975}.Debug|Any CPU.ActiveCfg = Debug|Any CPU
		{C941DB78-AC4F-4E40-9378-998A3110A975}.Debug|Any CPU.Build.0 = Debug|Any CPU
		{C941DB78-AC4F-4E40-9378-998A3110A975}.Release|Any CPU.ActiveCfg = Release|Any CPU
		{C941DB78-AC4F-4E40-9378-998A3110A975}.Release|Any CPU.Build.0 = Release|Any CPU
		{F6373B6E-BB00-49E8-AA17-85331A626416}.Debug|Any CPU.ActiveCfg = Debug|Any CPU
		{F6373B6E-BB00-49E8-AA17-85331A626416}.Debug|Any CPU.Build.0 = Debug|Any CPU
		{F6373B6E-BB00-49E8-AA17-85331A626416}.Release|Any CPU.ActiveCfg = Release|Any CPU
		{F6373B6E-BB00-49E8-AA17-85331A626416}.Release|Any CPU.Build.0 = Release|Any CPU
		{2CC4888C-C8AC-4CDE-BD17-B4823E9F0779}.Debug|Any CPU.ActiveCfg = Debug|Any CPU
		{2CC4888C-C8AC-4CDE-BD17-B4823E9F0779}.Debug|Any CPU.Build.0 = Debug|Any CPU
		{2CC4888C-C8AC-4CDE-BD17-B4823E9F0779}.Release|Any CPU.ActiveCfg = Release|Any CPU
		{2CC4888C-C8AC-4CDE-BD17-B4823E9F0779}.Release|Any CPU.Build.0 = Release|Any CPU
		{BDB3E828-9977-4CC6-9567-009E639A82B3}.Debug|Any CPU.ActiveCfg = Debug|Any CPU
		{BDB3E828-9977-4CC6-9567-009E639A82B3}.Debug|Any CPU.Build.0 = Debug|Any CPU
		{BDB3E828-9977-4CC6-9567-009E639A82B3}.Release|Any CPU.ActiveCfg = Release|Any CPU
		{BDB3E828-9977-4CC6-9567-009E639A82B3}.Release|Any CPU.Build.0 = Release|Any CPU
		{5F14301D-FDB3-4653-8027-B1D432570224}.Debug|Any CPU.ActiveCfg = Debug|Any CPU
		{5F14301D-FDB3-4653-8027-B1D432570224}.Debug|Any CPU.Build.0 = Debug|Any CPU
		{5F14301D-FDB3-4653-8027-B1D432570224}.Release|Any CPU.ActiveCfg = Release|Any CPU
		{5F14301D-FDB3-4653-8027-B1D432570224}.Release|Any CPU.Build.0 = Release|Any CPU
	EndGlobalSection
	GlobalSection(SolutionProperties) = preSolution
		HideSolutionNode = FALSE
	EndGlobalSection
	GlobalSection(ExtensibilityGlobals) = postSolution
		SolutionGuid = {EEE37A0A-1368-4CB5-A80B-8CBC15DD5A36}
	EndGlobalSection
EndGlobal
